// !$*UTF8*$!
{
	archiveVersion = 1;
	classes = {
	};
	objectVersion = 55;
	objects = {

/* Begin PBXBuildFile section */
		7C6D84AC284F48D200DA8530 /* main.c in Sources */ = {isa = PBXBuildFile; fileRef = 7C6D84AB284F48D200DA8530 /* main.c */; };
		7C6D84BC284F4A9400DA8530 /* main.c in Sources */ = {isa = PBXBuildFile; fileRef = 7C6D84BB284F4A9400DA8530 /* main.c */; };
/* End PBXBuildFile section */

/* Begin PBXCopyFilesBuildPhase section */
		7C6D8499284F482100DA8530 /* CopyFiles */ = {
			isa = PBXCopyFilesBuildPhase;
			buildActionMask = 2147483647;
			dstPath = /usr/share/man/man1/;
			dstSubfolderSpec = 0;
			files = (
			);
			runOnlyForDeploymentPostprocessing = 1;
		};
		7C6D84A7284F48D200DA8530 /* CopyFiles */ = {
			isa = PBXCopyFilesBuildPhase;
			buildActionMask = 2147483647;
			dstPath = /usr/share/man/man1/;
			dstSubfolderSpec = 0;
			files = (
			);
			runOnlyForDeploymentPostprocessing = 1;
		};
		7C6D84B7284F4A9400DA8530 /* CopyFiles */ = {
			isa = PBXCopyFilesBuildPhase;
			buildActionMask = 2147483647;
			dstPath = /usr/share/man/man1/;
			dstSubfolderSpec = 0;
			files = (
			);
			runOnlyForDeploymentPostprocessing = 1;
		};
/* End PBXCopyFilesBuildPhase section */

/* Begin PBXFileReference section */
		7C6D849B284F482100DA8530 /* c-project */ = {isa = PBXFileReference; explicitFileType = "compiled.mach-o.executable"; includeInIndex = 0; path = "c-project"; sourceTree = BUILT_PRODUCTS_DIR; };
		7C6D84A9284F48D200DA8530 /* bubble */ = {isa = PBXFileReference; explicitFileType = "compiled.mach-o.executable"; includeInIndex = 0; path = bubble; sourceTree = BUILT_PRODUCTS_DIR; };
		7C6D84AB284F48D200DA8530 /* main.c */ = {isa = PBXFileReference; lastKnownFileType = sourcecode.c.c; path = main.c; sourceTree = "<group>"; };
		7C6D84B9284F4A9400DA8530 /* selection */ = {isa = PBXFileReference; explicitFileType = "compiled.mach-o.executable"; includeInIndex = 0; path = selection; sourceTree = BUILT_PRODUCTS_DIR; };
		7C6D84BB284F4A9400DA8530 /* main.c */ = {isa = PBXFileReference; lastKnownFileType = sourcecode.c.c; path = main.c; sourceTree = "<group>"; };
/* End PBXFileReference section */

/* Begin PBXFrameworksBuildPhase section */
		7C6D8498284F482100DA8530 /* Frameworks */ = {
			isa = PBXFrameworksBuildPhase;
			buildActionMask = 2147483647;
			files = (
			);
			runOnlyForDeploymentPostprocessing = 0;
		};
		7C6D84A6284F48D200DA8530 /* Frameworks */ = {
			isa = PBXFrameworksBuildPhase;
			buildActionMask = 2147483647;
			files = (
			);
			runOnlyForDeploymentPostprocessing = 0;
		};
		7C6D84B6284F4A9400DA8530 /* Frameworks */ = {
			isa = PBXFrameworksBuildPhase;
			buildActionMask = 2147483647;
			files = (
			);
			runOnlyForDeploymentPostprocessing = 0;
		};
/* End PBXFrameworksBuildPhase section */

/* Begin PBXGroup section */
		7C6D8492284F482100DA8530 = {
			isa = PBXGroup;
			children = (
				7C6D84AA284F48D200DA8530 /* bubble */,
				7C6D84BA284F4A9400DA8530 /* selection */,
				7C6D849C284F482100DA8530 /* Products */,
			);
			sourceTree = "<group>";
		};
		7C6D849C284F482100DA8530 /* Products */ = {
			isa = PBXGroup;
			children = (
				7C6D849B284F482100DA8530 /* c-project */,
				7C6D84A9284F48D200DA8530 /* bubble */,
				7C6D84B9284F4A9400DA8530 /* selection */,
			);
			name = Products;
			sourceTree = "<group>";
		};
		7C6D84AA284F48D200DA8530 /* bubble */ = {
			isa = PBXGroup;
			children = (
				7C6D84AB284F48D200DA8530 /* main.c */,
			);
			path = bubble;
			sourceTree = "<group>";
		};
		7C6D84BA284F4A9400DA8530 /* selection */ = {
			isa = PBXGroup;
			children = (
				7C6D84BB284F4A9400DA8530 /* main.c */,
			);
			path = selection;
			sourceTree = "<group>";
		};
/* End PBXGroup section */

/* Begin PBXNativeTarget section */
		7C6D849A284F482100DA8530 /* c-project */ = {
			isa = PBXNativeTarget;
			buildConfigurationList = 7C6D84A2284F482100DA8530 /* Build configuration list for PBXNativeTarget "c-project" */;
			buildPhases = (
				7C6D8497284F482100DA8530 /* Sources */,
				7C6D8498284F482100DA8530 /* Frameworks */,
				7C6D8499284F482100DA8530 /* CopyFiles */,
			);
			buildRules = (
			);
			dependencies = (
			);
			name = "c-project";
			productName = "c-project";
			productReference = 7C6D849B284F482100DA8530 /* c-project */;
			productType = "com.apple.product-type.tool";
		};
		7C6D84A8284F48D200DA8530 /* bubble */ = {
			isa = PBXNativeTarget;
			buildConfigurationList = 7C6D84AD284F48D200DA8530 /* Build configuration list for PBXNativeTarget "bubble" */;
			buildPhases = (
				7C6D84A5284F48D200DA8530 /* Sources */,
				7C6D84A6284F48D200DA8530 /* Frameworks */,
				7C6D84A7284F48D200DA8530 /* CopyFiles */,
			);
			buildRules = (
			);
			dependencies = (
			);
			name = bubble;
			productName = bubble;
			productReference = 7C6D84A9284F48D200DA8530 /* bubble */;
			productType = "com.apple.product-type.tool";
		};
		7C6D84B8284F4A9400DA8530 /* selection */ = {
			isa = PBXNativeTarget;
			buildConfigurationList = 7C6D84BD284F4A9400DA8530 /* Build configuration list for PBXNativeTarget "selection" */;
			buildPhases = (
				7C6D84B5284F4A9400DA8530 /* Sources */,
				7C6D84B6284F4A9400DA8530 /* Frameworks */,
				7C6D84B7284F4A9400DA8530 /* CopyFiles */,
			);
			buildRules = (
			);
			dependencies = (
			);
			name = selection;
			productName = selection;
			productReference = 7C6D84B9284F4A9400DA8530 /* selection */;
			productType = "com.apple.product-type.tool";
		};
/* End PBXNativeTarget section */

/* Begin PBXProject section */
		7C6D8493284F482100DA8530 /* Project object */ = {
			isa = PBXProject;
			attributes = {
				BuildIndependentTargetsInParallel = 1;
				LastUpgradeCheck = 1340;
				TargetAttributes = {
					7C6D849A284F482100DA8530 = {
						CreatedOnToolsVersion = 13.4.1;
					};
					7C6D84A8284F48D200DA8530 = {
						CreatedOnToolsVersion = 13.4.1;
					};
					7C6D84B8284F4A9400DA8530 = {
						CreatedOnToolsVersion = 13.4.1;
					};
				};
			};
			buildConfigurationList = 7C6D8496284F482100DA8530 /* Build configuration list for PBXProject "c-project" */;
			compatibilityVersion = "Xcode 13.0";
			developmentRegion = en;
			hasScannedForEncodings = 0;
			knownRegions = (
				en,
				Base,
			);
			mainGroup = 7C6D8492284F482100DA8530;
			productRefGroup = 7C6D849C284F482100DA8530 /* Products */;
			projectDirPath = "";
			projectRoot = "";
			targets = (
				7C6D849A284F482100DA8530 /* c-project */,
				7C6D84A8284F48D200DA8530 /* bubble */,
				7C6D84B8284F4A9400DA8530 /* selection */,
			);
		};
/* End PBXProject section */

/* Begin PBXSourcesBuildPhase section */
		7C6D8497284F482100DA8530 /* Sources */ = {
			isa = PBXSourcesBuildPhase;
			buildActionMask = 2147483647;
			files = (
			);
			runOnlyForDeploymentPostprocessing = 0;
		};
		7C6D84A5284F48D200DA8530 /* Sources */ = {
			isa = PBXSourcesBuildPhase;
			buildActionMask = 2147483647;
			files = (
				7C6D84AC284F48D200DA8530 /* main.c in Sources */,
			);
			runOnlyForDeploymentPostprocessing = 0;
		};
		7C6D84B5284F4A9400DA8530 /* Sources */ = {
			isa = PBXSourcesBuildPhase;
			buildActionMask = 2147483647;
			files = (
				7C6D84BC284F4A9400DA8530 /* main.c in Sources */,
			);
			runOnlyForDeploymentPostprocessing = 0;
		};
/* End PBXSourcesBuildPhase section */

/* Begin XCBuildConfiguration section */
		7C6D84A0284F482100DA8530 /* Debug */ = {
			isa = XCBuildConfiguration;
			buildSettings = {
				ALWAYS_SEARCH_USER_PATHS = NO;
				CLANG_ANALYZER_NONNULL = YES;
				CLANG_ANALYZER_NUMBER_OBJECT_CONVERSION = YES_AGGRESSIVE;
				CLANG_CXX_LANGUAGE_STANDARD = "gnu++17";
				CLANG_ENABLE_MODULES = YES;
				CLANG_ENABLE_OBJC_ARC = YES;
				CLANG_ENABLE_OBJC_WEAK = YES;
				CLANG_WARN_BLOCK_CAPTURE_AUTORELEASING = YES;
				CLANG_WARN_BOOL_CONVERSION = YES;
				CLANG_WARN_COMMA = YES;
				CLANG_WARN_CONSTANT_CONVERSION = YES;
				CLANG_WARN_DEPRECATED_OBJC_IMPLEMENTATIONS = YES;
				CLANG_WARN_DIRECT_OBJC_ISA_USAGE = YES_ERROR;
				CLANG_WARN_DOCUMENTATION_COMMENTS = YES;
				CLANG_WARN_EMPTY_BODY = YES;
				CLANG_WARN_ENUM_CONVERSION = YES;
				CLANG_WARN_INFINITE_RECURSION = YES;
				CLANG_WARN_INT_CONVERSION = YES;
				CLANG_WARN_NON_LITERAL_NULL_CONVERSION = YES;
				CLANG_WARN_OBJC_IMPLICIT_RETAIN_SELF = YES;
				CLANG_WARN_OBJC_LITERAL_CONVERSION = YES;
				CLANG_WARN_OBJC_ROOT_CLASS = YES_ERROR;
				CLANG_WARN_QUOTED_INCLUDE_IN_FRAMEWORK_HEADER = YES;
				CLANG_WARN_RANGE_LOOP_ANALYSIS = YES;
				CLANG_WARN_STRICT_PROTOTYPES = YES;
				CLANG_WARN_SUSPICIOUS_MOVE = YES;
				CLANG_WARN_UNGUARDED_AVAILABILITY = YES_AGGRESSIVE;
				CLANG_WARN_UNREACHABLE_CODE = YES;
				CLANG_WARN__DUPLICATE_METHOD_MATCH = YES;
				COPY_PHASE_STRIP = NO;
				DEBUG_INFORMATION_FORMAT = dwarf;
				ENABLE_STRICT_OBJC_MSGSEND = YES;
				ENABLE_TESTABILITY = YES;
				GCC_C_LANGUAGE_STANDARD = gnu11;
				GCC_DYNAMIC_NO_PIC = NO;
				GCC_NO_COMMON_BLOCKS = YES;
				GCC_OPTIMIZATION_LEVEL = 0;
				GCC_PREPROCESSOR_DEFINITIONS = (
					"DEBUG=1",
					"$(inherited)",
				);
				GCC_WARN_64_TO_32_BIT_CONVERSION = YES;
				GCC_WARN_ABOUT_RETURN_TYPE = YES_ERROR;
				GCC_WARN_UNDECLARED_SELECTOR = YES;
				GCC_WARN_UNINITIALIZED_AUTOS = YES_AGGRESSIVE;
				GCC_WARN_UNUSED_FUNCTION = YES;
				GCC_WARN_UNUSED_VARIABLE = YES;
				MACOSX_DEPLOYMENT_TARGET = 12.3;
				MTL_ENABLE_DEBUG_INFO = INCLUDE_SOURCE;
				MTL_FAST_MATH = YES;
				ONLY_ACTIVE_ARCH = YES;
				SDKROOT = macosx;
			};
			name = Debug;
		};
		7C6D84A1284F482100DA8530 /* Release */ = {
			isa = XCBuildConfiguration;
			buildSettings = {
				ALWAYS_SEARCH_USER_PATHS = NO;
				CLANG_ANALYZER_NONNULL = YES;
				CLANG_ANALYZER_NUMBER_OBJECT_CONVERSION = YES_AGGRESSIVE;
				CLANG_CXX_LANGUAGE_STANDARD = "gnu++17";
				CLANG_ENABLE_MODULES = YES;
				CLANG_ENABLE_OBJC_ARC = YES;
				CLANG_ENABLE_OBJC_WEAK = YES;
				CLANG_WARN_BLOCK_CAPTURE_AUTORELEASING = YES;
				CLANG_WARN_BOOL_CONVERSION = YES;
				CLANG_WARN_COMMA = YES;
				CLANG_WARN_CONSTANT_CONVERSION = YES;
				CLANG_WARN_DEPRECATED_OBJC_IMPLEMENTATIONS = YES;
				CLANG_WARN_DIRECT_OBJC_ISA_USAGE = YES_ERROR;
				CLANG_WARN_DOCUMENTATION_COMMENTS = YES;
				CLANG_WARN_EMPTY_BODY = YES;
				CLANG_WARN_ENUM_CONVERSION = YES;
				CLANG_WARN_INFINITE_RECURSION = YES;
				CLANG_WARN_INT_CONVERSION = YES;
				CLANG_WARN_NON_LITERAL_NULL_CONVERSION = YES;
				CLANG_WARN_OBJC_IMPLICIT_RETAIN_SELF = YES;
				CLANG_WARN_OBJC_LITERAL_CONVERSION = YES;
				CLANG_WARN_OBJC_ROOT_CLASS = YES_ERROR;
				CLANG_WARN_QUOTED_INCLUDE_IN_FRAMEWORK_HEADER = YES;
				CLANG_WARN_RANGE_LOOP_ANALYSIS = YES;
				CLANG_WARN_STRICT_PROTOTYPES = YES;
				CLANG_WARN_SUSPICIOUS_MOVE = YES;
				CLANG_WARN_UNGUARDED_AVAILABILITY = YES_AGGRESSIVE;
				CLANG_WARN_UNREACHABLE_CODE = YES;
				CLANG_WARN__DUPLICATE_METHOD_MATCH = YES;
				COPY_PHASE_STRIP = NO;
				DEBUG_INFORMATION_FORMAT = "dwarf-with-dsym";
				ENABLE_NS_ASSERTIONS = NO;
				ENABLE_STRICT_OBJC_MSGSEND = YES;
				GCC_C_LANGUAGE_STANDARD = gnu11;
				GCC_NO_COMMON_BLOCKS = YES;
				GCC_WARN_64_TO_32_BIT_CONVERSION = YES;
				GCC_WARN_ABOUT_RETURN_TYPE = YES_ERROR;
				GCC_WARN_UNDECLARED_SELECTOR = YES;
				GCC_WARN_UNINITIALIZED_AUTOS = YES_AGGRESSIVE;
				GCC_WARN_UNUSED_FUNCTION = YES;
				GCC_WARN_UNUSED_VARIABLE = YES;
				MACOSX_DEPLOYMENT_TARGET = 12.3;
				MTL_ENABLE_DEBUG_INFO = NO;
				MTL_FAST_MATH = YES;
				SDKROOT = macosx;
			};
			name = Release;
		};
		7C6D84A3284F482100DA8530 /* Debug */ = {
			isa = XCBuildConfiguration;
			buildSettings = {
				CODE_SIGN_STYLE = Automatic;
				PRODUCT_NAME = "$(TARGET_NAME)";
			};
			name = Debug;
		};
		7C6D84A4284F482100DA8530 /* Release */ = {
			isa = XCBuildConfiguration;
			buildSettings = {
				CODE_SIGN_STYLE = Automatic;
				PRODUCT_NAME = "$(TARGET_NAME)";
			};
			name = Release;
		};
		7C6D84AE284F48D200DA8530 /* Debug */ = {
			isa = XCBuildConfiguration;
			buildSettings = {
				CODE_SIGN_STYLE = Automatic;
				PRODUCT_NAME = "$(TARGET_NAME)";
			};
			name = Debug;
		};
		7C6D84AF284F48D200DA8530 /* Release */ = {
			isa = XCBuildConfiguration;
			buildSettings = {
				CODE_SIGN_STYLE = Automatic;
				PRODUCT_NAME = "$(TARGET_NAME)";
			};
			name = Release;
		};
		7C6D84BE284F4A9400DA8530 /* Debug */ = {
			isa = XCBuildConfiguration;
			buildSettings = {
				CODE_SIGN_STYLE = Automatic;
				PRODUCT_NAME = "$(TARGET_NAME)";
			};
			name = Debug;
		};
		7C6D84BF284F4A9400DA8530 /* Release */ = {
			isa = XCBuildConfiguration;
			buildSettings = {
				CODE_SIGN_STYLE = Automatic;
				PRODUCT_NAME = "$(TARGET_NAME)";
			};
			name = Release;
		};
/* End XCBuildConfiguration section */

/* Begin XCConfigurationList section */
		7C6D8496284F482100DA8530 /* Build configuration list for PBXProject "c-project" */ = {
			isa = XCConfigurationList;
			buildConfigurations = (
				7C6D84A0284F482100DA8530 /* Debug */,
				7C6D84A1284F482100DA8530 /* Release */,
			);
			defaultConfigurationIsVisible = 0;
			defaultConfigurationName = Release;
		};
		7C6D84A2284F482100DA8530 /* Build configuration list for PBXNativeTarget "c-project" */ = {
			isa = XCConfigurationList;
			buildConfigurations = (
				7C6D84A3284F482100DA8530 /* Debug */,
				7C6D84A4284F482100DA8530 /* Release */,
			);
			defaultConfigurationIsVisible = 0;
			defaultConfigurationName = Release;
		};
		7C6D84AD284F48D200DA8530 /* Build configuration list for PBXNativeTarget "bubble" */ = {
			isa = XCConfigurationList;
			buildConfigurations = (
				7C6D84AE284F48D200DA8530 /* Debug */,
				7C6D84AF284F48D200DA8530 /* Release */,
			);
			defaultConfigurationIsVisible = 0;
			defaultConfigurationName = Release;
		};
		7C6D84BD284F4A9400DA8530 /* Build configuration list for PBXNativeTarget "selection" */ = {
			isa = XCConfigurationList;
			buildConfigurations = (
				7C6D84BE284F4A9400DA8530 /* Debug */,
				7C6D84BF284F4A9400DA8530 /* Release */,
			);
			defaultConfigurationIsVisible = 0;
			defaultConfigurationName = Release;
		};
/* End XCConfigurationList section */
	};
	rootObject = 7C6D8493284F482100DA8530 /* Project object */;
}
